
Microsoft Visual Studio Solution File, Format Version 12.00
# Visual Studio Version 17
VisualStudioVersion = 17.4.33213.308
MinimumVisualStudioVersion = 10.0.40219.1
Project("{FAE04EC0-301F-11D3-BF4B-00C04F79EFBC}") = "HomeCareService", "HomeCareService\HomeCareService.csproj", "{20A2F4EF-16FE-42D6-AA4E-D6B9F9C55EE9}"
EndProject
Project("{FAE04EC0-301F-11D3-BF4B-00C04F79EFBC}") = "HomeCareService.Tests", "HomeCareServiceTests\HomeCareService.Tests.csproj", "{23E80656-FE08-4C2D-BA6F-0E068C02850A}"
EndProject
Global
	GlobalSection(SolutionConfigurationPlatforms) = preSolution
		Debug|Any CPU = Debug|Any CPU
		Release|Any CPU = Release|Any CPU
	EndGlobalSection
	GlobalSection(ProjectConfigurationPlatforms) = postSolution
		{20A2F4EF-16FE-42D6-AA4E-D6B9F9C55EE9}.Debug|Any CPU.ActiveCfg = Debug|Any CPU
		{20A2F4EF-16FE-42D6-AA4E-D6B9F9C55EE9}.Debug|Any CPU.Build.0 = Debug|Any CPU
		{20A2F4EF-16FE-42D6-AA4E-D6B9F9C55EE9}.Release|Any CPU.ActiveCfg = Release|Any CPU
		{20A2F4EF-16FE-42D6-AA4E-D6B9F9C55EE9}.Release|Any CPU.Build.0 = Release|Any CPU
		{23E80656-FE08-4C2D-BA6F-0E068C02850A}.Debug|Any CPU.ActiveCfg = Debug|Any CPU
		{23E80656-FE08-4C2D-BA6F-0E068C02850A}.Debug|Any CPU.Build.0 = Debug|Any CPU
		{23E80656-FE08-4C2D-BA6F-0E068C02850A}.Release|Any CPU.ActiveCfg = Release|Any CPU
		{23E80656-FE08-4C2D-BA6F-0E068C02850A}.Release|Any CPU.Build.0 = Release|Any CPU
	EndGlobalSection
	GlobalSection(SolutionProperties) = preSolution
		HideSolutionNode = FALSE
	EndGlobalSection
	GlobalSection(ExtensibilityGlobals) = postSolution
		SolutionGuid = {4DB60604-F2C2-465A-8CE5-7AD8582B5237}
	EndGlobalSection
EndGlobal
